
Microsoft Visual Studio Solution File, Format Version 12.00
# Visual Studio Version 16
VisualStudioVersion = 16.0.31727.386
MinimumVisualStudioVersion = 10.0.40219.1
Project("{FAE04EC0-301F-11D3-BF4B-00C04F79EFBC}") = "backend", "backend.csproj", "{618BE849-FB0E-461C-B568-9C8C224817DB}"
EndProject
Global
	GlobalSection(SolutionConfigurationPlatforms) = preSolution
		Debug|Any CPU = Debug|Any CPU
		Release|Any CPU = Release|Any CPU
	EndGlobalSection
	GlobalSection(ProjectConfigurationPlatforms) = postSolution
		{618BE849-FB0E-461C-B568-9C8C224817DB}.Debug|Any CPU.ActiveCfg = Debug|Any CPU
		{618BE849-FB0E-461C-B568-9C8C224817DB}.Debug|Any CPU.Build.0 = Debug|Any CPU
		{618BE849-FB0E-461C-B568-9C8C224817DB}.Release|Any CPU.ActiveCfg = Release|Any CPU
		{618BE849-FB0E-461C-B568-9C8C224817DB}.Release|Any CPU.Build.0 = Release|Any CPU
	EndGlobalSection
	GlobalSection(SolutionProperties) = preSolution
		HideSolutionNode = FALSE
	EndGlobalSection
	GlobalSection(ExtensibilityGlobals) = postSolution
		SolutionGuid = {C4DB0844-7F67-4837-9171-6A8B97E62CFC}
	EndGlobalSection
EndGlobal
